# This file is autogenerated, do not edit; changes may be undone by the next 'dep ensure'.


[[projects]]
  branch = "master"
  digest = "1:0a33cba5fe33599732bdbbb306bf9395b54e55bb8e602ae0391f97a4c6536783"
  name = "github.com/DavidHuie/gomigrate"
  packages = ["."]
  pruneopts = "UT"
  revision = "4004e6142040f5d622e9d2be6e833a4652741571"

[[projects]]
  digest = "1:180bfa12c698a87b620a409dc58ddf8e21f221eb460d2143aff219627053c67f"
  name = "github.com/asaskevich/govalidator"
  packages = ["."]
  pruneopts = "UT"
  revision = "aa5cce4a76edb1a5acecab1870c17abbffb5419e"

[[projects]]
  branch = "master"
  digest = "1:de747471fda94a360884bd972aa5633e65a77666283ec9c0d9c0755b871f3a9b"
  name = "github.com/cihub/seelog"
  packages = [
    ".",
    "archive",
    "archive/gzip",
    "archive/tar",
    "archive/zip",
  ]
  pruneopts = "UT"
  revision = "f561c5e57575bb1e0a2167028b7339b3a8d16fb4"

[[projects]]
  digest = "1:6cb5bf34f3e3bb61e76d976f5bd29d245b567f208e1fd7cb8104b736a5eb649d"
  name = "github.com/dgrijalva/jwt-go"
  packages = ["."]
  pruneopts = "UT"
  revision = "a539ee1a749a2b895533f979515ac7e6e0f5b650"

[[projects]]
  branch = "master"
  digest = "1:f88005aaab4b453762c7ae43d5ff30472ef5d2a0b2067efd2f9a77503731e9d0"
  name = "github.com/dlintw/goconf"
  packages = ["."]
  pruneopts = "UT"
  revision = "dcc070983490608a14480e3bf943bad464785df5"

[[projects]]
  digest = "1:c2cf9aa9eaa004701a011287da2227e7b983350c2809ca9ee05bf565eb23a4bf"
  name = "github.com/gin-gonic/gin"
  packages = [
    "binding",
    "render",
  ]
  pruneopts = "UT"
  revision = "d5b353c5d5a560322e6d96121c814115562501f7"

[[projects]]
  digest = "1:3815b44c59b4ab922dbc20d6d1427bb48ef80756a723e31b30c6c08d4ce6d5e1"
  name = "github.com/go-sql-driver/mysql"
  packages = ["."]
  pruneopts = "UT"
  revision = "aeb7d3c9eef860ca8b457a664ff9ba31e2b836fa"

[[projects]]
  digest = "1:e9684f376cdd9a3b44b0a0cb8c626ce5e907a5541fad0c50e1e6d5f8999609ae"
  name = "github.com/golang/protobuf"
  packages = ["proto"]
  pruneopts = "UT"
  revision = "fec3b39b059c0f88fa6b20f5ed012b1aa203a8b4"

[[projects]]
  digest = "1:18345bdcee6816c2df978c13dda4b570beda37292bf5e83830641854698ad8e2"
  name = "github.com/jmoiron/sqlx"
  packages = [
    ".",
    "reflectx",
  ]
  pruneopts = "UT"
  revision = "d9bd385d68c068f1fabb5057e3dedcbcbb039d0f"

[[projects]]
  branch = "master"
  digest = "1:31bd492aa2822484bcec518e0b693e1aedfdf9637b43527c0ad29d5cf8abfd43"
  name = "github.com/manucorporat/sse"
  packages = ["."]
  pruneopts = "UT"
  revision = "ee05b128a739a0fb76c7ebd3ae4810c1de808d6d"

[[projects]]
  digest = "1:fa610f9fe6a93f4a75e64c83673dfff9bf1a34bbb21e6102021b6bc7850834a3"
  name = "github.com/mattn/go-isatty"
  packages = ["."]
  pruneopts = "UT"
  revision = "fc9e8d8ef48496124e79ae0df75490096eccf6fe"
  version = "v0.0.2"

[[projects]]
  digest = "1:95100f4ac20072567aa10607f61c66ff28965659f77f6ba807bd875a685710d9"
  name = "golang.org/x/crypto"
  packages = [
    "bcrypt",
    "blowfish",
  ]
  pruneopts = "UT"
  revision = "ab89591268e0c8b748cbe4047b00197516011af5"

[[projects]]
  digest = "1:137a07d176f06db21c807d085339244f6a58ddac7d4f2fe5607a39392a2dcb5a"
  name = "golang.org/x/net"
  packages = ["context"]
  pruneopts = "UT"
  revision = "c9b681d35165f1995d6f3034e61f8761d4b90c99"

[[projects]]
  digest = "1:26f1cf65371ae71b1482bec70fd670e1da7498f1656c93069360916700e3881e"
  name = "golang.org/x/sys"
  packages = ["unix"]
  pruneopts = "UT"
  revision = "f845067cf72a21fb4929b0e6a35273bd83b56396"

[[projects]]
  digest = "1:a03ce10d39eb30333159fbd94343e3c5c3f09eaf842d1b2f5ee02175502afa5e"
  name = "gopkg.in/gin-gonic/gin.v1"
  packages = ["."]
  pruneopts = "UT"
  revision = "e2212d40c62a98b388a5eb48ecbdcf88534688ba"
  version = "v1.1.4"

[[projects]]
  digest = "1:1b4724d3c8125f6044925f02b485b74bfec9905cbf579d95aafd1a6c8f8447d3"
  name = "gopkg.in/go-playground/validator.v8"
  packages = ["."]
  pruneopts = "UT"
  revision = "5f57d2222ad794d0dffb07e664ea05e2ee07d60c"
  version = "v8.18.1"

[[projects]]
  digest = "1:35c04c23c8aef680782e117c67e29750453c92d11448da616d2e399887e5fc86"
  name = "gopkg.in/yaml.v2"
  packages = ["."]
  pruneopts = "UT"
  revision = "cd8b52f8269e0feb286dfeef29f8fe4d5b397e0b"

[solve-meta]
  analyzer-name = "dep"
  analyzer-version = 1
  input-imports = [
    "github.com/DavidHuie/gomigrate",
    "github.com/asaskevich/govalidator",
    "github.com/cihub/seelog",
    "github.com/dgrijalva/jwt-go",
    "github.com/dlintw/goconf",
    "github.com/go-sql-driver/mysql",
    "github.com/jmoiron/sqlx",
    "golang.org/x/crypto/bcrypt",
    "gopkg.in/gin-gonic/gin.v1",
  ]
  solver-name = "gps-cdcl"
  solver-version = 1
